
Microsoft Visual Studio Solution File, Format Version 12.00
Project("{FAE04EC0-301F-11D3-BF4B-00C04F79EFBC}") = "Qa.ConsoleApp", "Qa.ConsoleApp\Qa.ConsoleApp.csproj", "{56AA9E29-36ED-46EE-844C-0EADD12D23B7}"
EndProject
Project("{FAE04EC0-301F-11D3-BF4B-00C04F79EFBC}") = "Qa.Application", "Qa.Application\Qa.Application.csproj", "{07CED896-50F6-442A-BB48-8EBF95C8B88D}"
EndProject
Global
	GlobalSection(SolutionConfigurationPlatforms) = preSolution
		Debug|Any CPU = Debug|Any CPU
		Release|Any CPU = Release|Any CPU
	EndGlobalSection
	GlobalSection(ProjectConfigurationPlatforms) = postSolution
		{56AA9E29-36ED-46EE-844C-0EADD12D23B7}.Debug|Any CPU.ActiveCfg = Debug|Any CPU
		{56AA9E29-36ED-46EE-844C-0EADD12D23B7}.Debug|Any CPU.Build.0 = Debug|Any CPU
		{56AA9E29-36ED-46EE-844C-0EADD12D23B7}.Release|Any CPU.ActiveCfg = Release|Any CPU
		{56AA9E29-36ED-46EE-844C-0EADD12D23B7}.Release|Any CPU.Build.0 = Release|Any CPU
		{07CED896-50F6-442A-BB48-8EBF95C8B88D}.Debug|Any CPU.ActiveCfg = Debug|Any CPU
		{07CED896-50F6-442A-BB48-8EBF95C8B88D}.Debug|Any CPU.Build.0 = Debug|Any CPU
		{07CED896-50F6-442A-BB48-8EBF95C8B88D}.Release|Any CPU.ActiveCfg = Release|Any CPU
		{07CED896-50F6-442A-BB48-8EBF95C8B88D}.Release|Any CPU.Build.0 = Release|Any CPU
	EndGlobalSection
EndGlobal
